{
  "version": 4,
  "terraform_version": "1.12.2",
  "serial": 63,
  "lineage": "0660ca46-191a-d0c8-22ea-aaf45af30ef4",
  "outputs": {},
  "resources": [
    {
      "mode": "managed",
      "type": "yandex_compute_instance",
      "name": "bastion",
      "provider": "provider[\"registry.terraform.io/yandex-cloud/yandex\"]",
      "instances": [
        {
          "schema_version": 1,
          "attributes": {
            "allow_recreate": null,
            "allow_stopping_for_update": null,
            "boot_disk": [
              {
                "auto_delete": true,
                "device_name": "fhma3b0oejckpri09of1",
                "disk_id": "fhma3b0oejckpri09of1",
                "initialize_params": [
                  {
                    "block_size": 4096,
                    "description": "",
                    "image_id": "fd8fmmpanqj0dun552e9",
                    "kms_key_id": "",
                    "name": "",
                    "size": 10,
                    "snapshot_id": "",
                    "type": "network-hdd"
                  }
                ],
                "mode": "READ_WRITE"
              }
            ],
            "created_at": "2025-06-22T12:52:25Z",
            "description": "",
            "filesystem": [],
            "folder_id": "b1g8mccg8gtsocd8jniq",
            "fqdn": "fhmj35g98sae97chpa0i.auto.internal",
            "gpu_cluster_id": "",
            "hardware_generation": [
              {
                "generation2_features": [],
                "legacy_features": [
                  {
                    "pci_topology": "PCI_TOPOLOGY_V1"
                  }
                ]
              }
            ],
            "hostname": "",
            "id": "fhmj35g98sae97chpa0i",
            "labels": {},
            "local_disk": [],
            "maintenance_grace_period": "",
            "maintenance_policy": null,
            "metadata": {
              "ssh-keys": "artvoadm2:ssh-rsa AAAAB3NzaC1yc2EAAAADAQABAAACAQCLvcLxqmfsC3B5+zhMQ4EZT3r3VGQYfXNSwmywBQ2nZU36fWmKc4FHQufKdylHEG0ZgHic6FhEW2XVBeIp0ZsJFQg5DO93KL9WBuQZ1diYwc6JpgEIsfhjwdMNsMbEnSHrv+Uc2AZEWWQ6lW3sxBSKctfMK+7uTvDm6+9n335ls8/jUEsg/uiV1QbGO3RPKOdu9vVP+FtyBEYFSeIn0pDX2TC9ZgUT5X8SXjqNG8ytUobK5VmK0U9ZKNam8ioR71/WcF6zKMe3yeVo2NpAAZqQKnt7UrcqBzelYl+EKT8dWrf8OsTGV9WCgWvawtdypjnAk7pNdt/+4/HKxbALwW8I61TNPoFTHswMkYT9xESyHBQrsZj3P/xOPTOg4tZ9jXxVeMUZajMNqV7mn1Tao6YLMAqQgokZshl71T74qqmq9V+f25RoKSZXw8py5Vp9lYqjMWn4oWbIMN3mDzQrG1NTU9BvGiwqerjTocXLyBbG0vlSt926W4fPs6yjTv4O5qoeKGQsKZZv4MP388AsVfZcb0/wYkVaEsGOUadrtAQ+ZdhfdhLsiJbNoQhTRsTFslfZDBhSBSO31SCbucqmPonGRcMqccVWndtfudAzwG6cIdV9CokQbEWgg6E1jxJemXM0102AmjoqgbshhHDWjM/ho4XNGdltmzEPWIzOI2gLbw== ubuntu@ARTVO-PC\n"
            },
            "metadata_options": [
              {
                "aws_v1_http_endpoint": 1,
                "aws_v1_http_token": 2,
                "gce_http_endpoint": 1,
                "gce_http_token": 1
              }
            ],
            "name": "bastion",
            "network_acceleration_type": "standard",
            "network_interface": [
              {
                "dns_record": [],
                "index": 0,
                "ip_address": "10.0.1.19",
                "ipv4": true,
                "ipv6": false,
                "ipv6_address": "",
                "ipv6_dns_record": [],
                "mac_address": "d0:0d:13:19:60:94",
                "nat": true,
                "nat_dns_record": [],
                "nat_ip_address": "158.160.63.243",
                "nat_ip_version": "IPV4",
                "security_group_ids": [],
                "subnet_id": "e9bg1kdapu1advp7gt48"
              }
            ],
            "placement_policy": [
              {
                "host_affinity_rules": [],
                "placement_group_id": "",
                "placement_group_partition": 0
              }
            ],
            "platform_id": "standard-v1",
            "resources": [
              {
                "core_fraction": 20,
                "cores": 2,
                "gpus": 0,
                "memory": 2
              }
            ],
            "scheduling_policy": [
              {
                "preemptible": true
              }
            ],
            "secondary_disk": [],
            "service_account_id": "",
            "status": "running",
            "timeouts": null,
            "zone": "ru-central1-a"
          },
          "sensitive_attributes": [],
          "identity_schema_version": 0,
          "private": "eyJlMmJmYjczMC1lY2FhLTExZTYtOGY4OC0zNDM2M2JjN2M0YzAiOnsiY3JlYXRlIjozMDAwMDAwMDAwMDAsImRlbGV0ZSI6MzAwMDAwMDAwMDAwLCJ1cGRhdGUiOjMwMDAwMDAwMDAwMH0sInNjaGVtYV92ZXJzaW9uIjoiMSJ9",
          "dependencies": [
            "yandex_vpc_network.main",
            "yandex_vpc_subnet.public"
          ]
        }
      ]
    },
    {
      "mode": "managed",
      "type": "yandex_compute_instance",
      "name": "es",
      "provider": "provider[\"registry.terraform.io/yandex-cloud/yandex\"]",
      "instances": [
        {
          "schema_version": 1,
          "attributes": {
            "allow_recreate": null,
            "allow_stopping_for_update": null,
            "boot_disk": [
              {
                "auto_delete": true,
                "device_name": "fhmfpc5fsp7i0gp7vfhp",
                "disk_id": "fhmfpc5fsp7i0gp7vfhp",
                "initialize_params": [
                  {
                    "block_size": 4096,
                    "description": "",
                    "image_id": "fd8fmmpanqj0dun552e9",
                    "kms_key_id": "",
                    "name": "",
                    "size": 10,
                    "snapshot_id": "",
                    "type": "network-hdd"
                  }
                ],
                "mode": "READ_WRITE"
              }
            ],
            "created_at": "2025-06-15T22:17:18Z",
            "description": "",
            "filesystem": [],
            "folder_id": "b1g8mccg8gtsocd8jniq",
            "fqdn": "fhm9gflof7tb53mj9liv.auto.internal",
            "gpu_cluster_id": "",
            "hardware_generation": [
              {
                "generation2_features": [],
                "legacy_features": [
                  {
                    "pci_topology": "PCI_TOPOLOGY_V1"
                  }
                ]
              }
            ],
            "hostname": "",
            "id": "fhm9gflof7tb53mj9liv",
            "labels": {},
            "local_disk": [],
            "maintenance_grace_period": "",
            "maintenance_policy": null,
            "metadata": {
              "ssh-keys": "artvoadm2:ssh-rsa AAAAB3NzaC1yc2EAAAADAQABAAACAQCLvcLxqmfsC3B5+zhMQ4EZT3r3VGQYfXNSwmywBQ2nZU36fWmKc4FHQufKdylHEG0ZgHic6FhEW2XVBeIp0ZsJFQg5DO93KL9WBuQZ1diYwc6JpgEIsfhjwdMNsMbEnSHrv+Uc2AZEWWQ6lW3sxBSKctfMK+7uTvDm6+9n335ls8/jUEsg/uiV1QbGO3RPKOdu9vVP+FtyBEYFSeIn0pDX2TC9ZgUT5X8SXjqNG8ytUobK5VmK0U9ZKNam8ioR71/WcF6zKMe3yeVo2NpAAZqQKnt7UrcqBzelYl+EKT8dWrf8OsTGV9WCgWvawtdypjnAk7pNdt/+4/HKxbALwW8I61TNPoFTHswMkYT9xESyHBQrsZj3P/xOPTOg4tZ9jXxVeMUZajMNqV7mn1Tao6YLMAqQgokZshl71T74qqmq9V+f25RoKSZXw8py5Vp9lYqjMWn4oWbIMN3mDzQrG1NTU9BvGiwqerjTocXLyBbG0vlSt926W4fPs6yjTv4O5qoeKGQsKZZv4MP388AsVfZcb0/wYkVaEsGOUadrtAQ+ZdhfdhLsiJbNoQhTRsTFslfZDBhSBSO31SCbucqmPonGRcMqccVWndtfudAzwG6cIdV9CokQbEWgg6E1jxJemXM0102AmjoqgbshhHDWjM/ho4XNGdltmzEPWIzOI2gLbw== ubuntu@ARTVO-PC\n"
            },
            "metadata_options": [
              {
                "aws_v1_http_endpoint": 1,
                "aws_v1_http_token": 2,
                "gce_http_endpoint": 1,
                "gce_http_token": 1
              }
            ],
            "name": "es",
            "network_acceleration_type": "standard",
            "network_interface": [
              {
                "dns_record": [],
                "index": 0,
                "ip_address": "10.0.5.11",
                "ipv4": true,
                "ipv6": false,
                "ipv6_address": "",
                "ipv6_dns_record": [],
                "mac_address": "d0:0d:98:3e:b8:79",
                "nat": false,
                "nat_dns_record": [],
                "nat_ip_address": "",
                "nat_ip_version": "",
                "security_group_ids": [],
                "subnet_id": "e9btjhg8l4f628fmsue2"
              }
            ],
            "placement_policy": [
              {
                "host_affinity_rules": [],
                "placement_group_id": "",
                "placement_group_partition": 0
              }
            ],
            "platform_id": "standard-v1",
            "resources": [
              {
                "core_fraction": 20,
                "cores": 2,
                "gpus": 0,
                "memory": 2
              }
            ],
            "scheduling_policy": [
              {
                "preemptible": false
              }
            ],
            "secondary_disk": [],
            "service_account_id": "",
            "status": "running",
            "timeouts": null,
            "zone": "ru-central1-a"
          },
          "sensitive_attributes": [],
          "identity_schema_version": 0,
          "private": "eyJlMmJmYjczMC1lY2FhLTExZTYtOGY4OC0zNDM2M2JjN2M0YzAiOnsiY3JlYXRlIjozMDAwMDAwMDAwMDAsImRlbGV0ZSI6MzAwMDAwMDAwMDAwLCJ1cGRhdGUiOjMwMDAwMDAwMDAwMH0sInNjaGVtYV92ZXJzaW9uIjoiMSJ9",
          "dependencies": [
            "yandex_vpc_network.main",
            "yandex_vpc_subnet.private1"
          ]
        }
      ]
    },
    {
      "mode": "managed",
      "type": "yandex_compute_instance",
      "name": "kibana",
      "provider": "provider[\"registry.terraform.io/yandex-cloud/yandex\"]",
      "instances": [
        {
          "schema_version": 1,
          "attributes": {
            "allow_recreate": null,
            "allow_stopping_for_update": null,
            "boot_disk": [
              {
                "auto_delete": true,
                "device_name": "fhmdjoqmafb1cd12icl0",
                "disk_id": "fhmdjoqmafb1cd12icl0",
                "initialize_params": [
                  {
                    "block_size": 4096,
                    "description": "",
                    "image_id": "fd8fmmpanqj0dun552e9",
                    "kms_key_id": "",
                    "name": "",
                    "size": 10,
                    "snapshot_id": "",
                    "type": "network-hdd"
                  }
                ],
                "mode": "READ_WRITE"
              }
            ],
            "created_at": "2025-06-15T22:14:55Z",
            "description": "",
            "filesystem": [],
            "folder_id": "b1g8mccg8gtsocd8jniq",
            "fqdn": "fhmcgavun009odld14g1.auto.internal",
            "gpu_cluster_id": "",
            "hardware_generation": [
              {
                "generation2_features": [],
                "legacy_features": [
                  {
                    "pci_topology": "PCI_TOPOLOGY_V1"
                  }
                ]
              }
            ],
            "hostname": "",
            "id": "fhmcgavun009odld14g1",
            "labels": {},
            "local_disk": [],
            "maintenance_grace_period": "",
            "maintenance_policy": null,
            "metadata": {
              "ssh-keys": "artvoadm2:ssh-rsa AAAAB3NzaC1yc2EAAAADAQABAAACAQCLvcLxqmfsC3B5+zhMQ4EZT3r3VGQYfXNSwmywBQ2nZU36fWmKc4FHQufKdylHEG0ZgHic6FhEW2XVBeIp0ZsJFQg5DO93KL9WBuQZ1diYwc6JpgEIsfhjwdMNsMbEnSHrv+Uc2AZEWWQ6lW3sxBSKctfMK+7uTvDm6+9n335ls8/jUEsg/uiV1QbGO3RPKOdu9vVP+FtyBEYFSeIn0pDX2TC9ZgUT5X8SXjqNG8ytUobK5VmK0U9ZKNam8ioR71/WcF6zKMe3yeVo2NpAAZqQKnt7UrcqBzelYl+EKT8dWrf8OsTGV9WCgWvawtdypjnAk7pNdt/+4/HKxbALwW8I61TNPoFTHswMkYT9xESyHBQrsZj3P/xOPTOg4tZ9jXxVeMUZajMNqV7mn1Tao6YLMAqQgokZshl71T74qqmq9V+f25RoKSZXw8py5Vp9lYqjMWn4oWbIMN3mDzQrG1NTU9BvGiwqerjTocXLyBbG0vlSt926W4fPs6yjTv4O5qoeKGQsKZZv4MP388AsVfZcb0/wYkVaEsGOUadrtAQ+ZdhfdhLsiJbNoQhTRsTFslfZDBhSBSO31SCbucqmPonGRcMqccVWndtfudAzwG6cIdV9CokQbEWgg6E1jxJemXM0102AmjoqgbshhHDWjM/ho4XNGdltmzEPWIzOI2gLbw== ubuntu@ARTVO-PC\n"
            },
            "metadata_options": [
              {
                "aws_v1_http_endpoint": 1,
                "aws_v1_http_token": 2,
                "gce_http_endpoint": 1,
                "gce_http_token": 1
              }
            ],
            "name": "kibana",
            "network_acceleration_type": "standard",
            "network_interface": [
              {
                "dns_record": [],
                "index": 0,
                "ip_address": "10.0.1.14",
                "ipv4": true,
                "ipv6": false,
                "ipv6_address": "",
                "ipv6_dns_record": [],
                "mac_address": "d0:0d:c8:2b:fe:b8",
                "nat": true,
                "nat_dns_record": [],
                "nat_ip_address": "51.250.85.175",
                "nat_ip_version": "IPV4",
                "security_group_ids": [],
                "subnet_id": "e9bg1kdapu1advp7gt48"
              }
            ],
            "placement_policy": [
              {
                "host_affinity_rules": [],
                "placement_group_id": "",
                "placement_group_partition": 0
              }
            ],
            "platform_id": "standard-v1",
            "resources": [
              {
                "core_fraction": 20,
                "cores": 2,
                "gpus": 0,
                "memory": 2
              }
            ],
            "scheduling_policy": [
              {
                "preemptible": true
              }
            ],
            "secondary_disk": [],
            "service_account_id": "",
            "status": "running",
            "timeouts": null,
            "zone": "ru-central1-a"
          },
          "sensitive_attributes": [],
          "identity_schema_version": 0,
          "private": "eyJlMmJmYjczMC1lY2FhLTExZTYtOGY4OC0zNDM2M2JjN2M0YzAiOnsiY3JlYXRlIjozMDAwMDAwMDAwMDAsImRlbGV0ZSI6MzAwMDAwMDAwMDAwLCJ1cGRhdGUiOjMwMDAwMDAwMDAwMH0sInNjaGVtYV92ZXJzaW9uIjoiMSJ9",
          "dependencies": [
            "yandex_vpc_network.main",
            "yandex_vpc_subnet.public"
          ]
        }
      ]
    },
    {
      "mode": "managed",
      "type": "yandex_compute_instance",
      "name": "web1",
      "provider": "provider[\"registry.terraform.io/yandex-cloud/yandex\"]",
      "instances": [
        {
          "schema_version": 1,
          "attributes": {
            "allow_recreate": null,
            "allow_stopping_for_update": null,
            "boot_disk": [
              {
                "auto_delete": true,
                "device_name": "fhmuf5pfmkqob18gncla",
                "disk_id": "fhmuf5pfmkqob18gncla",
                "initialize_params": [
                  {
                    "block_size": 4096,
                    "description": "",
                    "image_id": "fd8fmmpanqj0dun552e9",
                    "kms_key_id": "",
                    "name": "",
                    "size": 10,
                    "snapshot_id": "",
                    "type": "network-hdd"
                  }
                ],
                "mode": "READ_WRITE"
              }
            ],
            "created_at": "2025-06-15T22:17:18Z",
            "description": "",
            "filesystem": [],
            "folder_id": "b1g8mccg8gtsocd8jniq",
            "fqdn": "fhmft94v5entqi9bg52j.auto.internal",
            "gpu_cluster_id": "",
            "hardware_generation": [
              {
                "generation2_features": [],
                "legacy_features": [
                  {
                    "pci_topology": "PCI_TOPOLOGY_V1"
                  }
                ]
              }
            ],
            "hostname": "",
            "id": "fhmft94v5entqi9bg52j",
            "labels": {},
            "local_disk": [],
            "maintenance_grace_period": "",
            "maintenance_policy": null,
            "metadata": {
              "ssh-keys": "artvoadm2:ssh-rsa AAAAB3NzaC1yc2EAAAADAQABAAACAQCLvcLxqmfsC3B5+zhMQ4EZT3r3VGQYfXNSwmywBQ2nZU36fWmKc4FHQufKdylHEG0ZgHic6FhEW2XVBeIp0ZsJFQg5DO93KL9WBuQZ1diYwc6JpgEIsfhjwdMNsMbEnSHrv+Uc2AZEWWQ6lW3sxBSKctfMK+7uTvDm6+9n335ls8/jUEsg/uiV1QbGO3RPKOdu9vVP+FtyBEYFSeIn0pDX2TC9ZgUT5X8SXjqNG8ytUobK5VmK0U9ZKNam8ioR71/WcF6zKMe3yeVo2NpAAZqQKnt7UrcqBzelYl+EKT8dWrf8OsTGV9WCgWvawtdypjnAk7pNdt/+4/HKxbALwW8I61TNPoFTHswMkYT9xESyHBQrsZj3P/xOPTOg4tZ9jXxVeMUZajMNqV7mn1Tao6YLMAqQgokZshl71T74qqmq9V+f25RoKSZXw8py5Vp9lYqjMWn4oWbIMN3mDzQrG1NTU9BvGiwqerjTocXLyBbG0vlSt926W4fPs6yjTv4O5qoeKGQsKZZv4MP388AsVfZcb0/wYkVaEsGOUadrtAQ+ZdhfdhLsiJbNoQhTRsTFslfZDBhSBSO31SCbucqmPonGRcMqccVWndtfudAzwG6cIdV9CokQbEWgg6E1jxJemXM0102AmjoqgbshhHDWjM/ho4XNGdltmzEPWIzOI2gLbw== ubuntu@ARTVO-PC\n"
            },
            "metadata_options": [
              {
                "aws_v1_http_endpoint": 1,
                "aws_v1_http_token": 2,
                "gce_http_endpoint": 1,
                "gce_http_token": 1
              }
            ],
            "name": "web-1",
            "network_acceleration_type": "standard",
            "network_interface": [
              {
                "dns_record": [],
                "index": 0,
                "ip_address": "10.0.5.14",
                "ipv4": true,
                "ipv6": false,
                "ipv6_address": "",
                "ipv6_dns_record": [],
                "mac_address": "d0:0d:fe:a4:9f:2b",
                "nat": false,
                "nat_dns_record": [],
                "nat_ip_address": "",
                "nat_ip_version": "",
                "security_group_ids": [],
                "subnet_id": "e9btjhg8l4f628fmsue2"
              }
            ],
            "placement_policy": [
              {
                "host_affinity_rules": [],
                "placement_group_id": "",
                "placement_group_partition": 0
              }
            ],
            "platform_id": "standard-v1",
            "resources": [
              {
                "core_fraction": 20,
                "cores": 2,
                "gpus": 0,
                "memory": 2
              }
            ],
            "scheduling_policy": [
              {
                "preemptible": true
              }
            ],
            "secondary_disk": [],
            "service_account_id": "",
            "status": "running",
            "timeouts": null,
            "zone": "ru-central1-a"
          },
          "sensitive_attributes": [],
          "identity_schema_version": 0,
          "private": "eyJlMmJmYjczMC1lY2FhLTExZTYtOGY4OC0zNDM2M2JjN2M0YzAiOnsiY3JlYXRlIjozMDAwMDAwMDAwMDAsImRlbGV0ZSI6MzAwMDAwMDAwMDAwLCJ1cGRhdGUiOjMwMDAwMDAwMDAwMH0sInNjaGVtYV92ZXJzaW9uIjoiMSJ9",
          "dependencies": [
            "yandex_vpc_network.main",
            "yandex_vpc_subnet.private1"
          ]
        }
      ]
    },
    {
      "mode": "managed",
      "type": "yandex_compute_instance",
      "name": "web2",
      "provider": "provider[\"registry.terraform.io/yandex-cloud/yandex\"]",
      "instances": [
        {
          "schema_version": 1,
          "attributes": {
            "allow_recreate": null,
            "allow_stopping_for_update": null,
            "boot_disk": [
              {
                "auto_delete": true,
                "device_name": "epd5n0fdb5f0ccfhlkrr",
                "disk_id": "epd5n0fdb5f0ccfhlkrr",
                "initialize_params": [
                  {
                    "block_size": 4096,
                    "description": "",
                    "image_id": "fd8fmmpanqj0dun552e9",
                    "kms_key_id": "",
                    "name": "",
                    "size": 10,
                    "snapshot_id": "",
                    "type": "network-hdd"
                  }
                ],
                "mode": "READ_WRITE"
              }
            ],
            "created_at": "2025-06-15T22:14:55Z",
            "description": "",
            "filesystem": [],
            "folder_id": "b1g8mccg8gtsocd8jniq",
            "fqdn": "epd914iflr47fqiuhr79.auto.internal",
            "gpu_cluster_id": "",
            "hardware_generation": [
              {
                "generation2_features": [],
                "legacy_features": [
                  {
                    "pci_topology": "PCI_TOPOLOGY_V1"
                  }
                ]
              }
            ],
            "hostname": "",
            "id": "epd914iflr47fqiuhr79",
            "labels": {},
            "local_disk": [],
            "maintenance_grace_period": "",
            "maintenance_policy": null,
            "metadata": {
              "ssh-keys": "artvoadm2:ssh-rsa AAAAB3NzaC1yc2EAAAADAQABAAACAQCLvcLxqmfsC3B5+zhMQ4EZT3r3VGQYfXNSwmywBQ2nZU36fWmKc4FHQufKdylHEG0ZgHic6FhEW2XVBeIp0ZsJFQg5DO93KL9WBuQZ1diYwc6JpgEIsfhjwdMNsMbEnSHrv+Uc2AZEWWQ6lW3sxBSKctfMK+7uTvDm6+9n335ls8/jUEsg/uiV1QbGO3RPKOdu9vVP+FtyBEYFSeIn0pDX2TC9ZgUT5X8SXjqNG8ytUobK5VmK0U9ZKNam8ioR71/WcF6zKMe3yeVo2NpAAZqQKnt7UrcqBzelYl+EKT8dWrf8OsTGV9WCgWvawtdypjnAk7pNdt/+4/HKxbALwW8I61TNPoFTHswMkYT9xESyHBQrsZj3P/xOPTOg4tZ9jXxVeMUZajMNqV7mn1Tao6YLMAqQgokZshl71T74qqmq9V+f25RoKSZXw8py5Vp9lYqjMWn4oWbIMN3mDzQrG1NTU9BvGiwqerjTocXLyBbG0vlSt926W4fPs6yjTv4O5qoeKGQsKZZv4MP388AsVfZcb0/wYkVaEsGOUadrtAQ+ZdhfdhLsiJbNoQhTRsTFslfZDBhSBSO31SCbucqmPonGRcMqccVWndtfudAzwG6cIdV9CokQbEWgg6E1jxJemXM0102AmjoqgbshhHDWjM/ho4XNGdltmzEPWIzOI2gLbw== ubuntu@ARTVO-PC\n"
            },
            "metadata_options": [
              {
                "aws_v1_http_endpoint": 1,
                "aws_v1_http_token": 2,
                "gce_http_endpoint": 1,
                "gce_http_token": 1
              }
            ],
            "name": "web-2",
            "network_acceleration_type": "standard",
            "network_interface": [
              {
                "dns_record": [],
                "index": 0,
                "ip_address": "10.0.3.29",
                "ipv4": true,
                "ipv6": false,
                "ipv6_address": "",
                "ipv6_dns_record": [],
                "mac_address": "d0:0d:90:92:4f:ae",
                "nat": false,
                "nat_dns_record": [],
                "nat_ip_address": "",
                "nat_ip_version": "",
                "security_group_ids": [],
                "subnet_id": "e2l2kahdhduasr15n0iu"
              }
            ],
            "placement_policy": [
              {
                "host_affinity_rules": [],
                "placement_group_id": "",
                "placement_group_partition": 0
              }
            ],
            "platform_id": "standard-v1",
            "resources": [
              {
                "core_fraction": 20,
                "cores": 2,
                "gpus": 0,
                "memory": 2
              }
            ],
            "scheduling_policy": [
              {
                "preemptible": true
              }
            ],
            "secondary_disk": [],
            "service_account_id": "",
            "status": "running",
            "timeouts": null,
            "zone": "ru-central1-b"
          },
          "sensitive_attributes": [],
          "identity_schema_version": 0,
          "private": "eyJlMmJmYjczMC1lY2FhLTExZTYtOGY4OC0zNDM2M2JjN2M0YzAiOnsiY3JlYXRlIjozMDAwMDAwMDAwMDAsImRlbGV0ZSI6MzAwMDAwMDAwMDAwLCJ1cGRhdGUiOjMwMDAwMDAwMDAwMH0sInNjaGVtYV92ZXJzaW9uIjoiMSJ9",
          "dependencies": [
            "yandex_vpc_network.main",
            "yandex_vpc_subnet.private2"
          ]
        }
      ]
    },
    {
      "mode": "managed",
      "type": "yandex_compute_instance",
      "name": "zabbix",
      "provider": "provider[\"registry.terraform.io/yandex-cloud/yandex\"]",
      "instances": [
        {
          "schema_version": 1,
          "attributes": {
            "allow_recreate": null,
            "allow_stopping_for_update": null,
            "boot_disk": [
              {
                "auto_delete": true,
                "device_name": "fhmts93qvoi6ssq0ujv6",
                "disk_id": "fhmts93qvoi6ssq0ujv6",
                "initialize_params": [
                  {
                    "block_size": 4096,
                    "description": "",
                    "image_id": "fd837n64isqsu1o0rqfn",
                    "kms_key_id": "",
                    "name": "",
                    "size": 10,
                    "snapshot_id": "",
                    "type": "network-hdd"
                  }
                ],
                "mode": "READ_WRITE"
              }
            ],
            "created_at": "2025-06-22T17:31:34Z",
            "description": "",
            "filesystem": [],
            "folder_id": "b1g8mccg8gtsocd8jniq",
            "fqdn": "fhm0hboknjbujvtci1ne.auto.internal",
            "gpu_cluster_id": "",
            "hardware_generation": [
              {
                "generation2_features": [],
                "legacy_features": [
                  {
                    "pci_topology": "PCI_TOPOLOGY_V2"
                  }
                ]
              }
            ],
            "hostname": "",
            "id": "fhm0hboknjbujvtci1ne",
            "labels": null,
            "local_disk": [],
            "maintenance_grace_period": "",
            "maintenance_policy": null,
            "metadata": {
              "ssh-keys": "artvoadm2:ssh-rsa AAAAB3NzaC1yc2EAAAADAQABAAACAQCLvcLxqmfsC3B5+zhMQ4EZT3r3VGQYfXNSwmywBQ2nZU36fWmKc4FHQufKdylHEG0ZgHic6FhEW2XVBeIp0ZsJFQg5DO93KL9WBuQZ1diYwc6JpgEIsfhjwdMNsMbEnSHrv+Uc2AZEWWQ6lW3sxBSKctfMK+7uTvDm6+9n335ls8/jUEsg/uiV1QbGO3RPKOdu9vVP+FtyBEYFSeIn0pDX2TC9ZgUT5X8SXjqNG8ytUobK5VmK0U9ZKNam8ioR71/WcF6zKMe3yeVo2NpAAZqQKnt7UrcqBzelYl+EKT8dWrf8OsTGV9WCgWvawtdypjnAk7pNdt/+4/HKxbALwW8I61TNPoFTHswMkYT9xESyHBQrsZj3P/xOPTOg4tZ9jXxVeMUZajMNqV7mn1Tao6YLMAqQgokZshl71T74qqmq9V+f25RoKSZXw8py5Vp9lYqjMWn4oWbIMN3mDzQrG1NTU9BvGiwqerjTocXLyBbG0vlSt926W4fPs6yjTv4O5qoeKGQsKZZv4MP388AsVfZcb0/wYkVaEsGOUadrtAQ+ZdhfdhLsiJbNoQhTRsTFslfZDBhSBSO31SCbucqmPonGRcMqccVWndtfudAzwG6cIdV9CokQbEWgg6E1jxJemXM0102AmjoqgbshhHDWjM/ho4XNGdltmzEPWIzOI2gLbw== ubuntu@ARTVO-PC\n"
            },
            "metadata_options": [
              {
                "aws_v1_http_endpoint": 1,
                "aws_v1_http_token": 2,
                "gce_http_endpoint": 1,
                "gce_http_token": 1
              }
            ],
            "name": "zabbix",
            "network_acceleration_type": "standard",
            "network_interface": [
              {
                "dns_record": [],
                "index": 0,
                "ip_address": "10.0.1.28",
                "ipv4": true,
                "ipv6": false,
                "ipv6_address": "",
                "ipv6_dns_record": [],
                "mac_address": "d0:0d:8a:f1:4b:cd",
                "nat": true,
                "nat_dns_record": [],
                "nat_ip_address": "46.21.246.125",
                "nat_ip_version": "IPV4",
                "security_group_ids": [],
                "subnet_id": "e9bg1kdapu1advp7gt48"
              }
            ],
            "placement_policy": [
              {
                "host_affinity_rules": [],
                "placement_group_id": "",
                "placement_group_partition": 0
              }
            ],
            "platform_id": "standard-v1",
            "resources": [
              {
                "core_fraction": 20,
                "cores": 2,
                "gpus": 0,
                "memory": 2
              }
            ],
            "scheduling_policy": [
              {
                "preemptible": true
              }
            ],
            "secondary_disk": [],
            "service_account_id": "",
            "status": "running",
            "timeouts": null,
            "zone": "ru-central1-a"
          },
          "sensitive_attributes": [],
          "identity_schema_version": 0,
          "private": "eyJlMmJmYjczMC1lY2FhLTExZTYtOGY4OC0zNDM2M2JjN2M0YzAiOnsiY3JlYXRlIjozMDAwMDAwMDAwMDAsImRlbGV0ZSI6MzAwMDAwMDAwMDAwLCJ1cGRhdGUiOjMwMDAwMDAwMDAwMH0sInNjaGVtYV92ZXJzaW9uIjoiMSJ9",
          "dependencies": [
            "yandex_vpc_network.main",
            "yandex_vpc_subnet.public"
          ]
        }
      ]
    },
    {
      "mode": "managed",
      "type": "yandex_vpc_gateway",
      "name": "nat",
      "provider": "provider[\"registry.terraform.io/yandex-cloud/yandex\"]",
      "instances": [
        {
          "schema_version": 0,
          "attributes": {
            "created_at": "2025-06-15T21:02:09Z",
            "description": "",
            "folder_id": "b1g8mccg8gtsocd8jniq",
            "id": "enpkq19i5hln43g1ve6d",
            "labels": {},
            "name": "nat-gateway",
            "shared_egress_gateway": [
              {}
            ],
            "timeouts": null
          },
          "sensitive_attributes": [],
          "identity_schema_version": 0,
          "private": "eyJlMmJmYjczMC1lY2FhLTExZTYtOGY4OC0zNDM2M2JjN2M0YzAiOnsiY3JlYXRlIjo2MDAwMDAwMDAwMCwiZGVsZXRlIjo2MDAwMDAwMDAwMCwidXBkYXRlIjo2MDAwMDAwMDAwMH19"
        }
      ]
    },
    {
      "mode": "managed",
      "type": "yandex_vpc_network",
      "name": "main",
      "provider": "provider[\"registry.terraform.io/yandex-cloud/yandex\"]",
      "instances": [
        {
          "schema_version": 0,
          "attributes": {
            "created_at": "2025-06-15T21:02:09Z",
            "default_security_group_id": "enpr9au9i7ppunqgkalh",
            "description": "",
            "folder_id": "b1g8mccg8gtsocd8jniq",
            "id": "enpkfbjskvq72biaems5",
            "labels": {},
            "name": "main-net",
            "subnet_ids": [
              "e2l2kahdhduasr15n0iu",
              "e9bg1kdapu1advp7gt48",
              "e9btjhg8l4f628fmsue2"
            ],
            "timeouts": null
          },
          "sensitive_attributes": [],
          "identity_schema_version": 0,
          "private": "eyJlMmJmYjczMC1lY2FhLTExZTYtOGY4OC0zNDM2M2JjN2M0YzAiOnsiY3JlYXRlIjo2MDAwMDAwMDAwMCwiZGVsZXRlIjo2MDAwMDAwMDAwMCwidXBkYXRlIjo2MDAwMDAwMDAwMH19"
        }
      ]
    },
    {
      "mode": "managed",
      "type": "yandex_vpc_subnet",
      "name": "private1",
      "provider": "provider[\"registry.terraform.io/yandex-cloud/yandex\"]",
      "instances": [
        {
          "schema_version": 0,
          "attributes": {
            "created_at": "2025-06-15T22:17:17Z",
            "description": "",
            "dhcp_options": [],
            "folder_id": "b1g8mccg8gtsocd8jniq",
            "id": "e9btjhg8l4f628fmsue2",
            "labels": {},
            "name": "private-subnet1",
            "network_id": "enpkfbjskvq72biaems5",
            "route_table_id": "",
            "timeouts": null,
            "v4_cidr_blocks": [
              "10.0.5.0/24"
            ],
            "v6_cidr_blocks": [],
            "zone": "ru-central1-a"
          },
          "sensitive_attributes": [],
          "identity_schema_version": 0,
          "private": "eyJlMmJmYjczMC1lY2FhLTExZTYtOGY4OC0zNDM2M2JjN2M0YzAiOnsiY3JlYXRlIjoxODAwMDAwMDAwMDAsImRlbGV0ZSI6MTgwMDAwMDAwMDAwLCJ1cGRhdGUiOjE4MDAwMDAwMDAwMH19",
          "dependencies": [
            "yandex_vpc_network.main"
          ]
        }
      ]
    },
    {
      "mode": "managed",
      "type": "yandex_vpc_subnet",
      "name": "private2",
      "provider": "provider[\"registry.terraform.io/yandex-cloud/yandex\"]",
      "instances": [
        {
          "schema_version": 0,
          "attributes": {
            "created_at": "2025-06-15T22:14:55Z",
            "description": "",
            "dhcp_options": [],
            "folder_id": "b1g8mccg8gtsocd8jniq",
            "id": "e2l2kahdhduasr15n0iu",
            "labels": {},
            "name": "private-subnet2",
            "network_id": "enpkfbjskvq72biaems5",
            "route_table_id": "",
            "timeouts": null,
            "v4_cidr_blocks": [
              "10.0.3.0/24"
            ],
            "v6_cidr_blocks": [],
            "zone": "ru-central1-b"
          },
          "sensitive_attributes": [],
          "identity_schema_version": 0,
          "private": "eyJlMmJmYjczMC1lY2FhLTExZTYtOGY4OC0zNDM2M2JjN2M0YzAiOnsiY3JlYXRlIjoxODAwMDAwMDAwMDAsImRlbGV0ZSI6MTgwMDAwMDAwMDAwLCJ1cGRhdGUiOjE4MDAwMDAwMDAwMH19",
          "dependencies": [
            "yandex_vpc_network.main"
          ]
        }
      ]
    },
    {
      "mode": "managed",
      "type": "yandex_vpc_subnet",
      "name": "public",
      "provider": "provider[\"registry.terraform.io/yandex-cloud/yandex\"]",
      "instances": [
        {
          "schema_version": 0,
          "attributes": {
            "created_at": "2025-06-15T21:02:12Z",
            "description": "",
            "dhcp_options": [],
            "folder_id": "b1g8mccg8gtsocd8jniq",
            "id": "e9bg1kdapu1advp7gt48",
            "labels": {},
            "name": "public-subnet",
            "network_id": "enpkfbjskvq72biaems5",
            "route_table_id": "",
            "timeouts": null,
            "v4_cidr_blocks": [
              "10.0.1.0/24"
            ],
            "v6_cidr_blocks": [],
            "zone": "ru-central1-a"
          },
          "sensitive_attributes": [],
          "identity_schema_version": 0,
          "private": "eyJlMmJmYjczMC1lY2FhLTExZTYtOGY4OC0zNDM2M2JjN2M0YzAiOnsiY3JlYXRlIjoxODAwMDAwMDAwMDAsImRlbGV0ZSI6MTgwMDAwMDAwMDAwLCJ1cGRhdGUiOjE4MDAwMDAwMDAwMH19",
          "dependencies": [
            "yandex_vpc_network.main"
          ]
        }
      ]
    }
  ],
  "check_results": null
}
